DEPENDENCIES
  etcd-v2 (~> 1.0.6)
  etcd1
    path: .
    metadata: true

GRAPH
  apt (2.9.2)
  aws (3.3.3)
    ohai (>= 2.1.0)
  compat_resource (12.10.4)
  etcd-v2 (1.0.6)
    apt (>= 0.0.0)
    aws (>= 0.0.0)
    libarchive (>= 0.5.0)
  etcd1 (0.1.0)
    etcd-v2 (~> 1.0.6)
  libarchive (0.6.1)
    apt (~> 2.5)
    yum-epel (~> 0.6)
  ohai (4.0.2)
    compat_resource (>= 12.9.0)
  yum (3.10.0)
  yum-epel (0.7.0)
    yum (>= 3.6.3)
